
Microsoft Visual Studio Solution File, Format Version 12.00
# Visual Studio Version 17
VisualStudioVersion = 17.14.36109.1 d17.14
MinimumVisualStudioVersion = 10.0.40219.1
Project("{FAE04EC0-301F-11D3-BF4B-00C04F79EFBC}") = "ParkingLotSystem", "ParkingLotSystem.csproj", "{FA3B2AEC-CC4B-4263-89F4-3D14779CF30C}"
EndProject
Global
	GlobalSection(SolutionConfigurationPlatforms) = preSolution
		Debug|Any CPU = Debug|Any CPU
		Release|Any CPU = Release|Any CPU
	EndGlobalSection
	GlobalSection(ProjectConfigurationPlatforms) = postSolution
		{FA3B2AEC-CC4B-4263-89F4-3D14779CF30C}.Debug|Any CPU.ActiveCfg = Debug|Any CPU
		{FA3B2AEC-CC4B-4263-89F4-3D14779CF30C}.Debug|Any CPU.Build.0 = Debug|Any CPU
		{FA3B2AEC-CC4B-4263-89F4-3D14779CF30C}.Release|Any CPU.ActiveCfg = Release|Any CPU
		{FA3B2AEC-CC4B-4263-89F4-3D14779CF30C}.Release|Any CPU.Build.0 = Release|Any CPU
	EndGlobalSection
	GlobalSection(SolutionProperties) = preSolution
		HideSolutionNode = FALSE
	EndGlobalSection
	GlobalSection(ExtensibilityGlobals) = postSolution
		SolutionGuid = {4125538C-0199-41EE-81F0-EEBC610CA3D6}
	EndGlobalSection
EndGlobal
